
Microsoft Visual Studio Solution File, Format Version 12.00
# Visual Studio Version 17
VisualStudioVersion = 17.14.37012.4
MinimumVisualStudioVersion = 10.0.40219.1
Project("{FAE04EC0-301F-11D3-BF4B-00C04F79EFBC}") = "AmityApp", "AmityApp.csproj", "{B6C27749-E81A-4CEB-97E4-E8CF498B1466}"
EndProject
Project("{FAE04EC0-301F-11D3-BF4B-00C04F79EFBC}") = "AmityApp.Api", "..\AmityApp.Api\AmityApp.Api.csproj", "{8BB86DF8-E0F7-4D1E-BBE1-AC5AA0FE55F5}"
EndProject
Global
	GlobalSection(SolutionConfigurationPlatforms) = preSolution
		Debug|Any CPU = Debug|Any CPU
		Release|Any CPU = Release|Any CPU
	EndGlobalSection
	GlobalSection(ProjectConfigurationPlatforms) = postSolution
		{B6C27749-E81A-4CEB-97E4-E8CF498B1466}.Debug|Any CPU.ActiveCfg = Debug|Any CPU
		{B6C27749-E81A-4CEB-97E4-E8CF498B1466}.Debug|Any CPU.Build.0 = Debug|Any CPU
		{B6C27749-E81A-4CEB-97E4-E8CF498B1466}.Debug|Any CPU.Deploy.0 = Debug|Any CPU
		{B6C27749-E81A-4CEB-97E4-E8CF498B1466}.Release|Any CPU.ActiveCfg = Release|Any CPU
		{B6C27749-E81A-4CEB-97E4-E8CF498B1466}.Release|Any CPU.Build.0 = Release|Any CPU
		{8BB86DF8-E0F7-4D1E-BBE1-AC5AA0FE55F5}.Debug|Any CPU.ActiveCfg = Debug|Any CPU
		{8BB86DF8-E0F7-4D1E-BBE1-AC5AA0FE55F5}.Debug|Any CPU.Build.0 = Debug|Any CPU
		{8BB86DF8-E0F7-4D1E-BBE1-AC5AA0FE55F5}.Release|Any CPU.ActiveCfg = Release|Any CPU
		{8BB86DF8-E0F7-4D1E-BBE1-AC5AA0FE55F5}.Release|Any CPU.Build.0 = Release|Any CPU
	EndGlobalSection
	GlobalSection(SolutionProperties) = preSolution
		HideSolutionNode = FALSE
	EndGlobalSection
	GlobalSection(ExtensibilityGlobals) = postSolution
		SolutionGuid = {64ED1E9F-AA14-4E33-89B1-4DEB92B5290D}
	EndGlobalSection
EndGlobal
